
Microsoft Visual Studio Solution File, Format Version 12.00
# Visual Studio 14
VisualStudioVersion = 14.0.24720.0
MinimumVisualStudioVersion = 10.0.40219.1
Project("{FAE04EC0-301F-11D3-BF4B-00C04F79EFBC}") = "Cake.Npm", "src\Cake.Npm\Cake.Npm.csproj", "{6AD0659E-11CA-44DD-89B8-D02769E31AFE}"
EndProject
Project("{2150E333-8FDC-42A3-9474-1A3956D46DE8}") = "src", "src", "{7ADA99C9-D5AA-49DB-B197-AC014206BF2A}"
EndProject
Global
	GlobalSection(SolutionConfigurationPlatforms) = preSolution
		Debug|Any CPU = Debug|Any CPU
		Release|Any CPU = Release|Any CPU
	EndGlobalSection
	GlobalSection(ProjectConfigurationPlatforms) = postSolution
		{6AD0659E-11CA-44DD-89B8-D02769E31AFE}.Debug|Any CPU.ActiveCfg = Debug|Any CPU
		{6AD0659E-11CA-44DD-89B8-D02769E31AFE}.Debug|Any CPU.Build.0 = Debug|Any CPU
		{6AD0659E-11CA-44DD-89B8-D02769E31AFE}.Release|Any CPU.ActiveCfg = Release|Any CPU
		{6AD0659E-11CA-44DD-89B8-D02769E31AFE}.Release|Any CPU.Build.0 = Release|Any CPU
	EndGlobalSection
	GlobalSection(SolutionProperties) = preSolution
		HideSolutionNode = FALSE
	EndGlobalSection
	GlobalSection(NestedProjects) = preSolution
		{6AD0659E-11CA-44DD-89B8-D02769E31AFE} = {7ADA99C9-D5AA-49DB-B197-AC014206BF2A}
	EndGlobalSection
EndGlobal
