
Microsoft Visual Studio Solution File, Format Version 12.00
# Visual Studio 15
VisualStudioVersion = 15.0.26403.0
MinimumVisualStudioVersion = 10.0.40219.1
Project("{2150E333-8FDC-42A3-9474-1A3956D46DE8}") = "src", "src", "{7ADA99C9-D5AA-49DB-B197-AC014206BF2A}"
EndProject
Project("{2150E333-8FDC-42A3-9474-1A3956D46DE8}") = "tests", "tests", "{C435F99A-0477-4620-9231-4C63CEFCF89D}"
EndProject
Project("{FAE04EC0-301F-11D3-BF4B-00C04F79EFBC}") = "Cake.Npm.Tests", "Cake.Npm.Tests\Cake.Npm.Tests.csproj", "{2A169499-69CA-41CA-ACDE-C9DBADBBB333}"
EndProject
Project("{9A19103F-16F7-4668-BE54-9A1E7A4F7556}") = "Cake.Npm", "Cake.Npm\Cake.Npm.csproj", "{3B9296B0-A676-4AC2-ACA7-92675916243C}"
EndProject
Global
	GlobalSection(SolutionConfigurationPlatforms) = preSolution
		Debug|Any CPU = Debug|Any CPU
		Release|Any CPU = Release|Any CPU
	EndGlobalSection
	GlobalSection(ProjectConfigurationPlatforms) = postSolution
		{2A169499-69CA-41CA-ACDE-C9DBADBBB333}.Debug|Any CPU.ActiveCfg = Debug|Any CPU
		{2A169499-69CA-41CA-ACDE-C9DBADBBB333}.Debug|Any CPU.Build.0 = Debug|Any CPU
		{2A169499-69CA-41CA-ACDE-C9DBADBBB333}.Release|Any CPU.ActiveCfg = Release|Any CPU
		{2A169499-69CA-41CA-ACDE-C9DBADBBB333}.Release|Any CPU.Build.0 = Release|Any CPU
		{3B9296B0-A676-4AC2-ACA7-92675916243C}.Debug|Any CPU.ActiveCfg = Debug|Any CPU
		{3B9296B0-A676-4AC2-ACA7-92675916243C}.Debug|Any CPU.Build.0 = Debug|Any CPU
		{3B9296B0-A676-4AC2-ACA7-92675916243C}.Release|Any CPU.ActiveCfg = Release|Any CPU
		{3B9296B0-A676-4AC2-ACA7-92675916243C}.Release|Any CPU.Build.0 = Release|Any CPU
	EndGlobalSection
	GlobalSection(SolutionProperties) = preSolution
		HideSolutionNode = FALSE
	EndGlobalSection
	GlobalSection(NestedProjects) = preSolution
		{2A169499-69CA-41CA-ACDE-C9DBADBBB333} = {C435F99A-0477-4620-9231-4C63CEFCF89D}
		{3B9296B0-A676-4AC2-ACA7-92675916243C} = {7ADA99C9-D5AA-49DB-B197-AC014206BF2A}
	EndGlobalSection
EndGlobal
